
Microsoft Visual Studio Solution File, Format Version 12.00
# Visual Studio Version 17
VisualStudioVersion = 17.14.36310.24
MinimumVisualStudioVersion = 10.0.40219.1
Project("{2150E333-8FDC-42A3-9474-1A3956D46DE8}") = "src", "src", "{827E0CD3-B72D-47B6-A68D-7590B98EB39B}"
EndProject
Project("{2150E333-8FDC-42A3-9474-1A3956D46DE8}") = "tests", "tests", "{0AB3BF05-4346-4AA6-1389-037BE0695223}"
EndProject
Project("{2150E333-8FDC-42A3-9474-1A3956D46DE8}") = "Backend", "Backend", "{FE360695-3F2B-1049-3887-35FBB5135923}"
EndProject
Project("{2150E333-8FDC-42A3-9474-1A3956D46DE8}") = "Aspire", "Aspire", "{52BF7FB6-37FF-5100-EFD1-124EFF302675}"
EndProject
Project("{FAE04EC0-301F-11D3-BF4B-00C04F79EFBC}") = "EM.API", "src\Backend\EM.API\EM.API.csproj", "{56215E9B-AABE-4C6A-991B-B03E6CCCF143}"
EndProject
Project("{FAE04EC0-301F-11D3-BF4B-00C04F79EFBC}") = "EM.Application", "src\Backend\EM.Application\EM.Application.csproj", "{0BC97810-4AA4-4401-B127-30FE7524D044}"
EndProject
Project("{FAE04EC0-301F-11D3-BF4B-00C04F79EFBC}") = "EM.Infrastructure", "src\Backend\EM.Infrastructure\EM.Infrastructure.csproj", "{3DFBF905-D60A-4753-B69E-F11535D8B8AC}"
EndProject
Project("{FAE04EC0-301F-11D3-BF4B-00C04F79EFBC}") = "EM.Domain", "src\Backend\EM.Domain\EM.Domain.csproj", "{EAEBBD09-2E4D-4121-B232-1F26FE230BBC}"
EndProject
Project("{FAE04EC0-301F-11D3-BF4B-00C04F79EFBC}") = "Brite-Task.AppHost", "src\Aspire\Brite-Task.AppHost\Brite-Task.AppHost.csproj", "{11BF3DA4-794A-4C13-95BD-973B7635EEFD}"
EndProject
Project("{FAE04EC0-301F-11D3-BF4B-00C04F79EFBC}") = "Brite-Task.ServiceDefaults", "src\Aspire\Brite-Task.ServiceDefaults\Brite-Task.ServiceDefaults.csproj", "{957F7F80-4C19-26AE-F74A-8EC04DF45CE5}"
EndProject
Project("{2150E333-8FDC-42A3-9474-1A3956D46DE8}") = "Solution Items", "Solution Items", "{089100B1-113F-4E66-888A-E83F3999EAFD}"
	ProjectSection(SolutionItems) = preProject
		.editorconfig = .editorconfig
		.gitattributes = .gitattributes
		.gitignore = .gitignore
		Directory.Build.props = Directory.Build.props
		README.md = README.md
	EndProjectSection
EndProject
Project("{FAE04EC0-301F-11D3-BF4B-00C04F79EFBC}") = "EM.MigrationsWorker", "src\Backend\EM.MigrationsWorker\EM.MigrationsWorker.csproj", "{FCAD489D-70DB-C2CC-AC80-3DEE93C3AC42}"
EndProject
Global
	GlobalSection(SolutionConfigurationPlatforms) = preSolution
		Debug|Any CPU = Debug|Any CPU
		Release|Any CPU = Release|Any CPU
	EndGlobalSection
	GlobalSection(ProjectConfigurationPlatforms) = postSolution
		{56215E9B-AABE-4C6A-991B-B03E6CCCF143}.Debug|Any CPU.ActiveCfg = Debug|Any CPU
		{56215E9B-AABE-4C6A-991B-B03E6CCCF143}.Debug|Any CPU.Build.0 = Debug|Any CPU
		{56215E9B-AABE-4C6A-991B-B03E6CCCF143}.Release|Any CPU.ActiveCfg = Release|Any CPU
		{56215E9B-AABE-4C6A-991B-B03E6CCCF143}.Release|Any CPU.Build.0 = Release|Any CPU
		{0BC97810-4AA4-4401-B127-30FE7524D044}.Debug|Any CPU.ActiveCfg = Debug|Any CPU
		{0BC97810-4AA4-4401-B127-30FE7524D044}.Debug|Any CPU.Build.0 = Debug|Any CPU
		{0BC97810-4AA4-4401-B127-30FE7524D044}.Release|Any CPU.ActiveCfg = Release|Any CPU
		{0BC97810-4AA4-4401-B127-30FE7524D044}.Release|Any CPU.Build.0 = Release|Any CPU
		{3DFBF905-D60A-4753-B69E-F11535D8B8AC}.Debug|Any CPU.ActiveCfg = Debug|Any CPU
		{3DFBF905-D60A-4753-B69E-F11535D8B8AC}.Debug|Any CPU.Build.0 = Debug|Any CPU
		{3DFBF905-D60A-4753-B69E-F11535D8B8AC}.Release|Any CPU.ActiveCfg = Release|Any CPU
		{3DFBF905-D60A-4753-B69E-F11535D8B8AC}.Release|Any CPU.Build.0 = Release|Any CPU
		{EAEBBD09-2E4D-4121-B232-1F26FE230BBC}.Debug|Any CPU.ActiveCfg = Debug|Any CPU
		{EAEBBD09-2E4D-4121-B232-1F26FE230BBC}.Debug|Any CPU.Build.0 = Debug|Any CPU
		{EAEBBD09-2E4D-4121-B232-1F26FE230BBC}.Release|Any CPU.ActiveCfg = Release|Any CPU
		{EAEBBD09-2E4D-4121-B232-1F26FE230BBC}.Release|Any CPU.Build.0 = Release|Any CPU
		{11BF3DA4-794A-4C13-95BD-973B7635EEFD}.Debug|Any CPU.ActiveCfg = Debug|Any CPU
		{11BF3DA4-794A-4C13-95BD-973B7635EEFD}.Debug|Any CPU.Build.0 = Debug|Any CPU
		{11BF3DA4-794A-4C13-95BD-973B7635EEFD}.Release|Any CPU.ActiveCfg = Release|Any CPU
		{11BF3DA4-794A-4C13-95BD-973B7635EEFD}.Release|Any CPU.Build.0 = Release|Any CPU
		{957F7F80-4C19-26AE-F74A-8EC04DF45CE5}.Debug|Any CPU.ActiveCfg = Debug|Any CPU
		{957F7F80-4C19-26AE-F74A-8EC04DF45CE5}.Debug|Any CPU.Build.0 = Debug|Any CPU
		{957F7F80-4C19-26AE-F74A-8EC04DF45CE5}.Release|Any CPU.ActiveCfg = Release|Any CPU
		{957F7F80-4C19-26AE-F74A-8EC04DF45CE5}.Release|Any CPU.Build.0 = Release|Any CPU
		{FCAD489D-70DB-C2CC-AC80-3DEE93C3AC42}.Debug|Any CPU.ActiveCfg = Debug|Any CPU
		{FCAD489D-70DB-C2CC-AC80-3DEE93C3AC42}.Debug|Any CPU.Build.0 = Debug|Any CPU
		{FCAD489D-70DB-C2CC-AC80-3DEE93C3AC42}.Release|Any CPU.ActiveCfg = Release|Any CPU
		{FCAD489D-70DB-C2CC-AC80-3DEE93C3AC42}.Release|Any CPU.Build.0 = Release|Any CPU
	EndGlobalSection
	GlobalSection(SolutionProperties) = preSolution
		HideSolutionNode = FALSE
	EndGlobalSection
	GlobalSection(NestedProjects) = preSolution
		{FE360695-3F2B-1049-3887-35FBB5135923} = {827E0CD3-B72D-47B6-A68D-7590B98EB39B}
		{52BF7FB6-37FF-5100-EFD1-124EFF302675} = {827E0CD3-B72D-47B6-A68D-7590B98EB39B}
		{56215E9B-AABE-4C6A-991B-B03E6CCCF143} = {FE360695-3F2B-1049-3887-35FBB5135923}
		{0BC97810-4AA4-4401-B127-30FE7524D044} = {FE360695-3F2B-1049-3887-35FBB5135923}
		{3DFBF905-D60A-4753-B69E-F11535D8B8AC} = {FE360695-3F2B-1049-3887-35FBB5135923}
		{EAEBBD09-2E4D-4121-B232-1F26FE230BBC} = {FE360695-3F2B-1049-3887-35FBB5135923}
		{11BF3DA4-794A-4C13-95BD-973B7635EEFD} = {52BF7FB6-37FF-5100-EFD1-124EFF302675}
		{957F7F80-4C19-26AE-F74A-8EC04DF45CE5} = {52BF7FB6-37FF-5100-EFD1-124EFF302675}
		{FCAD489D-70DB-C2CC-AC80-3DEE93C3AC42} = {FE360695-3F2B-1049-3887-35FBB5135923}
	EndGlobalSection
	GlobalSection(ExtensibilityGlobals) = postSolution
		SolutionGuid = {8C420B0A-001E-4440-B990-940362C53691}
	EndGlobalSection
EndGlobal
